
Microsoft Visual Studio Solution File, Format Version 12.00
# Visual Studio Version 16
VisualStudioVersion = 16.0.29905.134
MinimumVisualStudioVersion = 10.0.40219.1
Project("{FAE04EC0-301F-11D3-BF4B-00C04F79EFBC}") = "IO.Swagger", "IO.Swagger\IO.Swagger.csproj", "{808000E1-0DA7-478F-A95D-D56497FA3FD1}"
EndProject
Project("{FAE04EC0-301F-11D3-BF4B-00C04F79EFBC}") = "ExampleIXRetailer", "ExampleIXRetailer\ExampleIXRetailer.csproj", "{B51A8CEE-CEA8-4B25-9DCF-B39E27728D94}"
EndProject
Global
	GlobalSection(SolutionConfigurationPlatforms) = preSolution
		Debug|Any CPU = Debug|Any CPU
		Release|Any CPU = Release|Any CPU
	EndGlobalSection
	GlobalSection(ProjectConfigurationPlatforms) = postSolution
		{808000E1-0DA7-478F-A95D-D56497FA3FD1}.Debug|Any CPU.ActiveCfg = Debug|Any CPU
		{808000E1-0DA7-478F-A95D-D56497FA3FD1}.Debug|Any CPU.Build.0 = Debug|Any CPU
		{808000E1-0DA7-478F-A95D-D56497FA3FD1}.Release|Any CPU.ActiveCfg = Release|Any CPU
		{808000E1-0DA7-478F-A95D-D56497FA3FD1}.Release|Any CPU.Build.0 = Release|Any CPU
		{B51A8CEE-CEA8-4B25-9DCF-B39E27728D94}.Debug|Any CPU.ActiveCfg = Debug|Any CPU
		{B51A8CEE-CEA8-4B25-9DCF-B39E27728D94}.Debug|Any CPU.Build.0 = Debug|Any CPU
		{B51A8CEE-CEA8-4B25-9DCF-B39E27728D94}.Release|Any CPU.ActiveCfg = Release|Any CPU
		{B51A8CEE-CEA8-4B25-9DCF-B39E27728D94}.Release|Any CPU.Build.0 = Release|Any CPU
	EndGlobalSection
	GlobalSection(SolutionProperties) = preSolution
		HideSolutionNode = FALSE
	EndGlobalSection
	GlobalSection(ExtensibilityGlobals) = postSolution
		SolutionGuid = {7FE2637F-D8A5-462E-8B73-8EBF29713F50}
	EndGlobalSection
EndGlobal
